
Microsoft Visual Studio Solution File, Format Version 12.00
# Visual Studio Version 17
VisualStudioVersion = 17.11.35327.3
MinimumVisualStudioVersion = 10.0.40219.1
Project("{FAE04EC0-301F-11D3-BF4B-00C04F79EFBC}") = "WebApiLivros", "WebApiLivros.csproj", "{2555A053-944C-47A7-B6E6-2DEF5DBD8740}"
EndProject
Global
	GlobalSection(SolutionConfigurationPlatforms) = preSolution
		Debug|Any CPU = Debug|Any CPU
		Release|Any CPU = Release|Any CPU
	EndGlobalSection
	GlobalSection(ProjectConfigurationPlatforms) = postSolution
		{2555A053-944C-47A7-B6E6-2DEF5DBD8740}.Debug|Any CPU.ActiveCfg = Debug|Any CPU
		{2555A053-944C-47A7-B6E6-2DEF5DBD8740}.Debug|Any CPU.Build.0 = Debug|Any CPU
		{2555A053-944C-47A7-B6E6-2DEF5DBD8740}.Release|Any CPU.ActiveCfg = Release|Any CPU
		{2555A053-944C-47A7-B6E6-2DEF5DBD8740}.Release|Any CPU.Build.0 = Release|Any CPU
	EndGlobalSection
	GlobalSection(SolutionProperties) = preSolution
		HideSolutionNode = FALSE
	EndGlobalSection
	GlobalSection(ExtensibilityGlobals) = postSolution
		SolutionGuid = {674D17E7-B631-4270-BA99-99A6DFAFB227}
	EndGlobalSection
EndGlobal
